
Microsoft Visual Studio Solution File, Format Version 12.00
# Visual Studio Version 16
VisualStudioVersion = 16.0.31613.86
MinimumVisualStudioVersion = 10.0.40219.1
Project("{F2A71F9B-5D33-465A-A702-920D77279786}") = "ParesEImpares", "ParesEImpares\ParesEImpares.fsproj", "{822F31C2-D869-4D92-B31B-B965C4057642}"
EndProject
Global
	GlobalSection(SolutionConfigurationPlatforms) = preSolution
		Debug|Any CPU = Debug|Any CPU
		Release|Any CPU = Release|Any CPU
	EndGlobalSection
	GlobalSection(ProjectConfigurationPlatforms) = postSolution
		{822F31C2-D869-4D92-B31B-B965C4057642}.Debug|Any CPU.ActiveCfg = Debug|Any CPU
		{822F31C2-D869-4D92-B31B-B965C4057642}.Debug|Any CPU.Build.0 = Debug|Any CPU
		{822F31C2-D869-4D92-B31B-B965C4057642}.Release|Any CPU.ActiveCfg = Release|Any CPU
		{822F31C2-D869-4D92-B31B-B965C4057642}.Release|Any CPU.Build.0 = Release|Any CPU
	EndGlobalSection
	GlobalSection(SolutionProperties) = preSolution
		HideSolutionNode = FALSE
	EndGlobalSection
	GlobalSection(ExtensibilityGlobals) = postSolution
		SolutionGuid = {03FC24FF-36BB-47D4-BDD9-815F3BF6C19E}
	EndGlobalSection
EndGlobal
